
Microsoft Visual Studio Solution File, Format Version 12.00
# Visual Studio Version 17
VisualStudioVersion = 17.0.32014.148
MinimumVisualStudioVersion = 10.0.40219.1
Project("{FAE04EC0-301F-11D3-BF4B-00C04F79EFBC}") = "UI", "MVC_KAMP\UI.csproj", "{392D5966-F31D-4D5E-B93A-8B1F51579178}"
EndProject
Project("{FAE04EC0-301F-11D3-BF4B-00C04F79EFBC}") = "EntityLayer", "EntityLayer\EntityLayer.csproj", "{49981799-4618-4094-AC05-1C574A1EBD0C}"
EndProject
Project("{FAE04EC0-301F-11D3-BF4B-00C04F79EFBC}") = "DataAccessLayer", "DataAccessLayer\DataAccessLayer.csproj", "{07C1C60A-D4C4-4494-9377-E39E0F69A7A0}"
EndProject
Project("{FAE04EC0-301F-11D3-BF4B-00C04F79EFBC}") = "BusinessLayer", "BusinessLayer\BusinessLayer.csproj", "{5EAED6C6-0235-4306-B4AB-B639004B406C}"
EndProject
Global
	GlobalSection(SolutionConfigurationPlatforms) = preSolution
		Debug|Any CPU = Debug|Any CPU
		Release|Any CPU = Release|Any CPU
	EndGlobalSection
	GlobalSection(ProjectConfigurationPlatforms) = postSolution
		{392D5966-F31D-4D5E-B93A-8B1F51579178}.Debug|Any CPU.ActiveCfg = Debug|Any CPU
		{392D5966-F31D-4D5E-B93A-8B1F51579178}.Debug|Any CPU.Build.0 = Debug|Any CPU
		{392D5966-F31D-4D5E-B93A-8B1F51579178}.Release|Any CPU.ActiveCfg = Release|Any CPU
		{392D5966-F31D-4D5E-B93A-8B1F51579178}.Release|Any CPU.Build.0 = Release|Any CPU
		{49981799-4618-4094-AC05-1C574A1EBD0C}.Debug|Any CPU.ActiveCfg = Debug|Any CPU
		{49981799-4618-4094-AC05-1C574A1EBD0C}.Debug|Any CPU.Build.0 = Debug|Any CPU
		{49981799-4618-4094-AC05-1C574A1EBD0C}.Release|Any CPU.ActiveCfg = Release|Any CPU
		{49981799-4618-4094-AC05-1C574A1EBD0C}.Release|Any CPU.Build.0 = Release|Any CPU
		{07C1C60A-D4C4-4494-9377-E39E0F69A7A0}.Debug|Any CPU.ActiveCfg = Debug|Any CPU
		{07C1C60A-D4C4-4494-9377-E39E0F69A7A0}.Debug|Any CPU.Build.0 = Debug|Any CPU
		{07C1C60A-D4C4-4494-9377-E39E0F69A7A0}.Release|Any CPU.ActiveCfg = Release|Any CPU
		{07C1C60A-D4C4-4494-9377-E39E0F69A7A0}.Release|Any CPU.Build.0 = Release|Any CPU
		{5EAED6C6-0235-4306-B4AB-B639004B406C}.Debug|Any CPU.ActiveCfg = Debug|Any CPU
		{5EAED6C6-0235-4306-B4AB-B639004B406C}.Debug|Any CPU.Build.0 = Debug|Any CPU
		{5EAED6C6-0235-4306-B4AB-B639004B406C}.Release|Any CPU.ActiveCfg = Release|Any CPU
		{5EAED6C6-0235-4306-B4AB-B639004B406C}.Release|Any CPU.Build.0 = Release|Any CPU
	EndGlobalSection
	GlobalSection(SolutionProperties) = preSolution
		HideSolutionNode = FALSE
	EndGlobalSection
	GlobalSection(ExtensibilityGlobals) = postSolution
		SolutionGuid = {75933101-7DA8-439F-9BC3-08510385071A}
	EndGlobalSection
EndGlobal
